<?xml version="1.0" encoding="utf-8"?>
<Project ToolsVersion="4.0" xmlns="http://schemas.microsoft.com/developer/msbuild/2003">
  <ItemGroup>
    <Filter Include="FirstEngine">
      <UniqueIdentifier>{431C6E96-AFD1-E68B-38C6-E062A47ADD8F}</UniqueIdentifier>
    </Filter>
    <Filter Include="FirstEngine\Events">
      <UniqueIdentifier>{C7FEA622-B3E2-6778-1C43-62CB084652FA}</UniqueIdentifier>
    </Filter>
    <Filter Include="FirstEngine\ImGui">
      <UniqueIdentifier>{AD771928-198E-17BE-6205-A3DFCE5AE845}</UniqueIdentifier>
    </Filter>
    <Filter Include="Platform">
      <UniqueIdentifier>{2AC788B4-1694-E3BF-3FAD-D1672BD9184E}</UniqueIdentifier>
    </Filter>
    <Filter Include="Platform\Windows">
      <UniqueIdentifier>{64FBD71A-50F4-F66C-7926-DCF1657ED678}</UniqueIdentifier>
    </Filter>
  </ItemGroup>
  <ItemGroup>
    <ClInclude Include="src\FirstEngine.h" />
    <ClInclude Include="src\FirstEngine\Application.h">
      <Filter>FirstEngine</Filter>
    </ClInclude>
    <ClInclude Include="src\FirstEngine\Core.h">
      <Filter>FirstEngine</Filter>
    </ClInclude>
    <ClInclude Include="src\FirstEngine\EntryPoint.h">
      <Filter>FirstEngine</Filter>
    </ClInclude>
    <ClInclude Include="src\FirstEngine\Events\ApplicationEvent.h">
      <Filter>FirstEngine\Events</Filter>
    </ClInclude>
    <ClInclude Include="src\FirstEngine\Events\Event.h">
      <Filter>FirstEngine\Events</Filter>
    </ClInclude>
    <ClInclude Include="src\FirstEngine\Events\KeyEvent.h">
      <Filter>FirstEngine\Events</Filter>
    </ClInclude>
    <ClInclude Include="src\FirstEngine\Events\MouseEvent.h">
      <Filter>FirstEngine\Events</Filter>
    </ClInclude>
    <ClInclude Include="src\FirstEngine\ImGui\ImGuiLayer.h">
      <Filter>FirstEngine\ImGui</Filter>
    </ClInclude>
    <ClInclude Include="src\FirstEngine\Input.h">
      <Filter>FirstEngine</Filter>
    </ClInclude>
    <ClInclude Include="src\FirstEngine\KeyCodes.h">
      <Filter>FirstEngine</Filter>
    </ClInclude>
    <ClInclude Include="src\FirstEngine\Layer.h">
      <Filter>FirstEngine</Filter>
    </ClInclude>
    <ClInclude Include="src\FirstEngine\LayerStack.h">
      <Filter>FirstEngine</Filter>
    </ClInclude>
    <ClInclude Include="src\FirstEngine\Log.h">
      <Filter>FirstEngine</Filter>
    </ClInclude>
    <ClInclude Include="src\FirstEngine\MouseButtonCodes.h">
      <Filter>FirstEngine</Filter>
    </ClInclude>
    <ClInclude Include="src\FirstEngine\Window.h">
      <Filter>FirstEngine</Filter>
    </ClInclude>
    <ClInclude Include="src\Platform\Windows\WindowsInput.h">
      <Filter>Platform\Windows</Filter>
    </ClInclude>
    <ClInclude Include="src\Platform\Windows\WindowsWindow.h">
      <Filter>Platform\Windows</Filter>
    </ClInclude>
    <ClInclude Include="src\fepch.h" />
  </ItemGroup>
  <ItemGroup>
    <ClCompile Include="src\FirstEngine\Application.cpp">
      <Filter>FirstEngine</Filter>
    </ClCompile>
    <ClCompile Include="src\FirstEngine\ImGui\ImGuiBuild.cpp">
      <Filter>FirstEngine\ImGui</Filter>
    </ClCompile>
    <ClCompile Include="src\FirstEngine\ImGui\ImGuiLayer.cpp">
      <Filter>FirstEngine\ImGui</Filter>
    </ClCompile>
    <ClCompile Include="src\FirstEngine\Layer.cpp">
      <Filter>FirstEngine</Filter>
    </ClCompile>
    <ClCompile Include="src\FirstEngine\LayerStack.cpp">
      <Filter>FirstEngine</Filter>
    </ClCompile>
    <ClCompile Include="src\FirstEngine\Log.cpp">
      <Filter>FirstEngine</Filter>
    </ClCompile>
    <ClCompile Include="src\Platform\Windows\WindowsInput.cpp">
      <Filter>Platform\Windows</Filter>
    </ClCompile>
    <ClCompile Include="src\Platform\Windows\WindowsWindow.cpp">
      <Filter>Platform\Windows</Filter>
    </ClCompile>
    <ClCompile Include="src\fepch.cpp" />
  </ItemGroup>
</Project>